# auto-generated by grc.converter

id: op25_pcap_source_b
label: pcap_source_b
category: '[op25]'

parameters:
-   id: filename
    label: filename
    dtype: string
-   id: delay
    label: delay
    dtype: float

outputs:
-   domain: stream
    dtype: byte

templates:
    imports: import gnuradio.op25 as op25
    make: op25.pcap_source_b($*path, ${delay})

file_format: 1
