# auto-generated by grc.converter

id: op25_decoder_ff
label: decoder_ff
category: '[op25]'

parameters:
-   id: '...'
    label: '...'
    dtype: '...'

inputs:
-   domain: stream
    dtype: ''

outputs:
-   domain: stream
    dtype: ''

templates:
    imports: import gnuradio.op25 as op25
    make: op25.decoder_ff($)

file_format: 1
