# auto-generated by grc.converter

id: op25_fsk4_slicer_fb
label: fsk4_slicer_fb
category: '[op25]'

inputs:
-   domain: stream
    dtype: float

outputs:
-   domain: stream
    dtype: byte

templates:
    imports: import gnuradio.op25 as op25
    make: op25.fsk4_slicer_fb([-2.0,0.0,2.0,4.0])

file_format: 1
