# auto-generated by grc.converter

id: op25_decoder_bf
label: decoder_bf
category: '[op25]'

inputs:
-   label: bits
    domain: stream
    dtype: byte

outputs:
-   label: audio
    domain: stream
    dtype: float

templates:
    imports: import gnuradio.op25 as op25
    make: op25.decoder_bf()

file_format: 1
