# auto-generated by grc.converter

id: op25_repeater_fsk4_slicer_fb
label: fsk4_slicer_fb
category: '[op25_repeater]'

parameters:
-   id: '...'
    label: '...'
    dtype: '...'

inputs:
-   domain: stream
    dtype: float

outputs:
-   domain: stream
    dtype: byte

templates:
    imports: import gnuradio.op25_repeater as op25_repeater
    make: op25_repeater.fsk4_slicer_fb($&slice_levels)

file_format: 1
