# auto-generated by grc.converter

id: op25_repeater_p25_frame_assembler
label: p25_frame_assembler
category: '[op25_repeater]'

parameters:
-   id: '...'
    label: '...'
    dtype: '...'

inputs:
-   domain: stream
    dtype: ''

outputs:
-   domain: stream
    dtype: ''

templates:
    imports: import gnuradio.op25_repeater as op25_repeater
    make: op25_repeater.p25_frame_assembler(${udp_host}, ${port}, ${debug}, ${do_imbe},
        ${do_output}, ${do_msgq}, ${queue})

file_format: 1
