# auto-generated by grc.converter

id: op25_repeater_gardner_costas_cc
label: gardner_costas_cc
category: '[op25_repeater]'

parameters:
-   id: samples_per_symbol
    label: Samples Per Symbol
    dtype: float
-   id: gain_mu
    label: Gain Mu
    dtype: float
-   id: gain_omega
    label: Gain Omega
    dtype: float
-   id: alpha
    label: Alpha
    dtype: float
-   id: beta
    label: Beta
    dtype: float
-   id: max_freq
    label: Maximum Frequency
    dtype: float
-   id: min_freq
    label: Mininum Frequency
    dtype: float

inputs:
-   domain: stream
    dtype: complex

outputs:
-   domain: stream
    dtype: complex

templates:
    imports: import gnuradio.op25_repeater as op25_repeater
    make: op25_repeater.gardner_costas_cc(${samples_per_symbol}, ${gain_mu}, ${gain_omega},
        ${alpha}, ${beta}, ${max_freq}, ${min_freq})

file_format: 1
