# auto-generated by grc.converter

id: op25_repeater_vocoder
label: vocoder
category: '[op25_repeater]'

parameters:
-   id: '...'
    label: '...'
    dtype: '...'

inputs:
-   domain: stream
    dtype: ''

outputs:
-   domain: stream
    dtype: ''

templates:
    imports: import gnuradio.op25_repeater as op25_repeater
    make: op25_repeater.vocoder(${encode_flag}, ${verbose_flag}, ${stretch_amt}, ${udp_host},
        ${udp_port}, ${raw_vectors_flag})

file_format: 1
